
Microsoft Visual Studio Solution File, Format Version 12.00
# Visual Studio 15
VisualStudioVersion = 15.0.28307.106
MinimumVisualStudioVersion = 10.0.40219.1
Project("{FAE04EC0-301F-11D3-BF4B-00C04F79EFBC}") = "AtlasServerManager", "AtlasServerManager\AtlasServerManager.csproj", "{6BE7A655-BA43-49D9-88CD-B1E9167A062C}"
EndProject
Global
	GlobalSection(SolutionConfigurationPlatforms) = preSolution
		Debug|Any CPU = Debug|Any CPU
		Release|Any CPU = Release|Any CPU
	EndGlobalSection
	GlobalSection(ProjectConfigurationPlatforms) = postSolution
		{6BE7A655-BA43-49D9-88CD-B1E9167A062C}.Debug|Any CPU.ActiveCfg = Debug|Any CPU
		{6BE7A655-BA43-49D9-88CD-B1E9167A062C}.Debug|Any CPU.Build.0 = Debug|Any CPU
		{6BE7A655-BA43-49D9-88CD-B1E9167A062C}.Release|Any CPU.ActiveCfg = Release|Any CPU
		{6BE7A655-BA43-49D9-88CD-B1E9167A062C}.Release|Any CPU.Build.0 = Release|Any CPU
	EndGlobalSection
	GlobalSection(SolutionProperties) = preSolution
		HideSolutionNode = FALSE
	EndGlobalSection
	GlobalSection(ExtensibilityGlobals) = postSolution
		SolutionGuid = {CADD39C6-CF51-4ADB-B7C2-092665ED7552}
	EndGlobalSection
EndGlobal
